
Microsoft Visual Studio Solution File, Format Version 12.00
# Visual Studio Version 17
VisualStudioVersion = 17.14.36414.22 d17.14
MinimumVisualStudioVersion = 10.0.40219.1
Project("{FAE04EC0-301F-11D3-BF4B-00C04F79EFBC}") = "GetProcessingSteps", "GetProcessingSteps\GetProcessingSteps.csproj", "{4C65BCEF-DF71-4799-8C79-1A47EF25084A}"
EndProject
Global
	GlobalSection(SolutionConfigurationPlatforms) = preSolution
		Debug|Any CPU = Debug|Any CPU
		Release|Any CPU = Release|Any CPU
	EndGlobalSection
	GlobalSection(ProjectConfigurationPlatforms) = postSolution
		{4C65BCEF-DF71-4799-8C79-1A47EF25084A}.Debug|Any CPU.ActiveCfg = Debug|Any CPU
		{4C65BCEF-DF71-4799-8C79-1A47EF25084A}.Debug|Any CPU.Build.0 = Debug|Any CPU
		{4C65BCEF-DF71-4799-8C79-1A47EF25084A}.Release|Any CPU.ActiveCfg = Release|Any CPU
		{4C65BCEF-DF71-4799-8C79-1A47EF25084A}.Release|Any CPU.Build.0 = Release|Any CPU
	EndGlobalSection
	GlobalSection(SolutionProperties) = preSolution
		HideSolutionNode = FALSE
	EndGlobalSection
	GlobalSection(ExtensibilityGlobals) = postSolution
		SolutionGuid = {7AE0128A-AB5D-4B26-AA78-7D6C6ACAEE84}
	EndGlobalSection
EndGlobal
